
Microsoft Visual Studio Solution File, Format Version 12.00
# Visual Studio Version 16
VisualStudioVersion = 16.0.31005.135
MinimumVisualStudioVersion = 10.0.40219.1
Project("{FAE04EC0-301F-11D3-BF4B-00C04F79EFBC}") = "r1", "r1\r1.csproj", "{C73B2C6A-92A4-467E-A172-38153AC64052}"
EndProject
Global
	GlobalSection(SolutionConfigurationPlatforms) = preSolution
		Debug|Any CPU = Debug|Any CPU
		Release|Any CPU = Release|Any CPU
	EndGlobalSection
	GlobalSection(ProjectConfigurationPlatforms) = postSolution
		{C73B2C6A-92A4-467E-A172-38153AC64052}.Debug|Any CPU.ActiveCfg = Debug|Any CPU
		{C73B2C6A-92A4-467E-A172-38153AC64052}.Debug|Any CPU.Build.0 = Debug|Any CPU
		{C73B2C6A-92A4-467E-A172-38153AC64052}.Release|Any CPU.ActiveCfg = Release|Any CPU
		{C73B2C6A-92A4-467E-A172-38153AC64052}.Release|Any CPU.Build.0 = Release|Any CPU
	EndGlobalSection
	GlobalSection(SolutionProperties) = preSolution
		HideSolutionNode = FALSE
	EndGlobalSection
	GlobalSection(ExtensibilityGlobals) = postSolution
		SolutionGuid = {214B9A16-C0A7-4A07-89D1-DAEBE6F340B8}
	EndGlobalSection
EndGlobal
